
Microsoft Visual Studio Solution File, Format Version 12.00
# Visual Studio Version 17
VisualStudioVersion = 17.5.33516.290
MinimumVisualStudioVersion = 10.0.40219.1
Project("{FAE04EC0-301F-11D3-BF4B-00C04F79EFBC}") = "Book", "Book\Book.csproj", "{00DAF01C-1D98-48AD-ADB9-3E962C1D5CE5}"
EndProject
Project("{FAE04EC0-301F-11D3-BF4B-00C04F79EFBC}") = "BookTests", "BookTests\BookTests.csproj", "{01F8CC32-68D6-498C-8077-B9202498CB55}"
EndProject
Global
	GlobalSection(SolutionConfigurationPlatforms) = preSolution
		Debug|Any CPU = Debug|Any CPU
		Release|Any CPU = Release|Any CPU
	EndGlobalSection
	GlobalSection(ProjectConfigurationPlatforms) = postSolution
		{00DAF01C-1D98-48AD-ADB9-3E962C1D5CE5}.Debug|Any CPU.ActiveCfg = Debug|Any CPU
		{00DAF01C-1D98-48AD-ADB9-3E962C1D5CE5}.Debug|Any CPU.Build.0 = Debug|Any CPU
		{00DAF01C-1D98-48AD-ADB9-3E962C1D5CE5}.Release|Any CPU.ActiveCfg = Release|Any CPU
		{00DAF01C-1D98-48AD-ADB9-3E962C1D5CE5}.Release|Any CPU.Build.0 = Release|Any CPU
		{01F8CC32-68D6-498C-8077-B9202498CB55}.Debug|Any CPU.ActiveCfg = Debug|Any CPU
		{01F8CC32-68D6-498C-8077-B9202498CB55}.Debug|Any CPU.Build.0 = Debug|Any CPU
		{01F8CC32-68D6-498C-8077-B9202498CB55}.Release|Any CPU.ActiveCfg = Release|Any CPU
		{01F8CC32-68D6-498C-8077-B9202498CB55}.Release|Any CPU.Build.0 = Release|Any CPU
	EndGlobalSection
	GlobalSection(SolutionProperties) = preSolution
		HideSolutionNode = FALSE
	EndGlobalSection
	GlobalSection(ExtensibilityGlobals) = postSolution
		SolutionGuid = {204912DE-FA18-43ED-BFD2-A2946F0C878C}
	EndGlobalSection
EndGlobal
